
Microsoft Visual Studio Solution File, Format Version 12.00
# Visual Studio Version 17
VisualStudioVersion = 17.5.33516.290
MinimumVisualStudioVersion = 10.0.40219.1
Project("{FAE04EC0-301F-11D3-BF4B-00C04F79EFBC}") = "Vinos Blancos", "Vinos Blancos.csproj", "{D08F0E93-670E-45B1-8282-17C636009ACD}"
EndProject
Global
	GlobalSection(SolutionConfigurationPlatforms) = preSolution
		Debug|Any CPU = Debug|Any CPU
		Release|Any CPU = Release|Any CPU
	EndGlobalSection
	GlobalSection(ProjectConfigurationPlatforms) = postSolution
		{D08F0E93-670E-45B1-8282-17C636009ACD}.Debug|Any CPU.ActiveCfg = Debug|Any CPU
		{D08F0E93-670E-45B1-8282-17C636009ACD}.Debug|Any CPU.Build.0 = Debug|Any CPU
		{D08F0E93-670E-45B1-8282-17C636009ACD}.Release|Any CPU.ActiveCfg = Release|Any CPU
		{D08F0E93-670E-45B1-8282-17C636009ACD}.Release|Any CPU.Build.0 = Release|Any CPU
	EndGlobalSection
	GlobalSection(SolutionProperties) = preSolution
		HideSolutionNode = FALSE
	EndGlobalSection
	GlobalSection(ExtensibilityGlobals) = postSolution
		SolutionGuid = {C44126C2-65A7-4BDC-B94C-F37DCDDF404C}
	EndGlobalSection
EndGlobal
